
Microsoft Visual Studio Solution File, Format Version 12.00
# Visual Studio Version 17
VisualStudioVersion = 17.3.32825.248
MinimumVisualStudioVersion = 10.0.40219.1
Project("{9A19103F-16F7-4668-BE54-9A1E7A4F7556}") = "Service", "Service\Service.csproj", "{C27E82E6-B170-4CB9-BFF9-06A66FBD0C32}"
EndProject
Project("{2150E333-8FDC-42A3-9474-1A3956D46DE8}") = "1 - Application", "1 - Application", "{5B2CE75F-901A-45F0-8CCC-2AB6D9CFE5F5}"
EndProject
Project("{2150E333-8FDC-42A3-9474-1A3956D46DE8}") = "2 - Domain", "2 - Domain", "{BC04C33E-7C7E-4783-A61D-D87D4FE7312C}"
EndProject
Project("{2150E333-8FDC-42A3-9474-1A3956D46DE8}") = "3 - Service", "3 - Service", "{BB6144F7-AB44-4F7D-B959-E5EC6681BCBB}"
EndProject
Project("{2150E333-8FDC-42A3-9474-1A3956D46DE8}") = "4 - Infra", "4 - Infra", "{1524718A-B051-4A42-A92B-E338F7B13501}"
EndProject
Project("{2150E333-8FDC-42A3-9474-1A3956D46DE8}") = "4.1 - Data", "4.1 - Data", "{456B072E-AAA2-4CB3-A5A1-EFE4D49E1596}"
EndProject
Project("{9A19103F-16F7-4668-BE54-9A1E7A4F7556}") = "Domain", "Domain\Domain.csproj", "{B6489D38-11F8-4FD5-8912-D304BDE6175B}"
EndProject
Project("{9A19103F-16F7-4668-BE54-9A1E7A4F7556}") = "Data", "Data\Data.csproj", "{7BB391C3-3619-4191-9B18-9E1F8CE5D108}"
EndProject
Project("{9A19103F-16F7-4668-BE54-9A1E7A4F7556}") = "ApiControle", "ApiControle\ApiControle.csproj", "{47887628-7376-420E-9396-62E383F73ECA}"
EndProject
Project("{FAE04EC0-301F-11D3-BF4B-00C04F79EFBC}") = "Desafio Licitacoes", "..\..\..\source\repos\Desafio Licitacoes\Desafio Licitacoes.csproj", "{5647FFF7-850B-4231-B9C5-7D381712E362}"
EndProject
Global
	GlobalSection(SolutionConfigurationPlatforms) = preSolution
		Debug|Any CPU = Debug|Any CPU
		Debug|ARM = Debug|ARM
		Debug|ARM64 = Debug|ARM64
		Debug|x64 = Debug|x64
		Debug|x86 = Debug|x86
		Release|Any CPU = Release|Any CPU
		Release|ARM = Release|ARM
		Release|ARM64 = Release|ARM64
		Release|x64 = Release|x64
		Release|x86 = Release|x86
	EndGlobalSection
	GlobalSection(ProjectConfigurationPlatforms) = postSolution
		{C27E82E6-B170-4CB9-BFF9-06A66FBD0C32}.Debug|Any CPU.ActiveCfg = Debug|Any CPU
		{C27E82E6-B170-4CB9-BFF9-06A66FBD0C32}.Debug|Any CPU.Build.0 = Debug|Any CPU
		{C27E82E6-B170-4CB9-BFF9-06A66FBD0C32}.Debug|ARM.ActiveCfg = Debug|Any CPU
		{C27E82E6-B170-4CB9-BFF9-06A66FBD0C32}.Debug|ARM.Build.0 = Debug|Any CPU
		{C27E82E6-B170-4CB9-BFF9-06A66FBD0C32}.Debug|ARM64.ActiveCfg = Debug|Any CPU
		{C27E82E6-B170-4CB9-BFF9-06A66FBD0C32}.Debug|ARM64.Build.0 = Debug|Any CPU
		{C27E82E6-B170-4CB9-BFF9-06A66FBD0C32}.Debug|x64.ActiveCfg = Debug|Any CPU
		{C27E82E6-B170-4CB9-BFF9-06A66FBD0C32}.Debug|x64.Build.0 = Debug|Any CPU
		{C27E82E6-B170-4CB9-BFF9-06A66FBD0C32}.Debug|x86.ActiveCfg = Debug|Any CPU
		{C27E82E6-B170-4CB9-BFF9-06A66FBD0C32}.Debug|x86.Build.0 = Debug|Any CPU
		{C27E82E6-B170-4CB9-BFF9-06A66FBD0C32}.Release|Any CPU.ActiveCfg = Release|Any CPU
		{C27E82E6-B170-4CB9-BFF9-06A66FBD0C32}.Release|Any CPU.Build.0 = Release|Any CPU
		{C27E82E6-B170-4CB9-BFF9-06A66FBD0C32}.Release|ARM.ActiveCfg = Release|Any CPU
		{C27E82E6-B170-4CB9-BFF9-06A66FBD0C32}.Release|ARM.Build.0 = Release|Any CPU
		{C27E82E6-B170-4CB9-BFF9-06A66FBD0C32}.Release|ARM64.ActiveCfg = Release|Any CPU
		{C27E82E6-B170-4CB9-BFF9-06A66FBD0C32}.Release|ARM64.Build.0 = Release|Any CPU
		{C27E82E6-B170-4CB9-BFF9-06A66FBD0C32}.Release|x64.ActiveCfg = Release|Any CPU
		{C27E82E6-B170-4CB9-BFF9-06A66FBD0C32}.Release|x64.Build.0 = Release|Any CPU
		{C27E82E6-B170-4CB9-BFF9-06A66FBD0C32}.Release|x86.ActiveCfg = Release|Any CPU
		{C27E82E6-B170-4CB9-BFF9-06A66FBD0C32}.Release|x86.Build.0 = Release|Any CPU
		{B6489D38-11F8-4FD5-8912-D304BDE6175B}.Debug|Any CPU.ActiveCfg = Debug|Any CPU
		{B6489D38-11F8-4FD5-8912-D304BDE6175B}.Debug|Any CPU.Build.0 = Debug|Any CPU
		{B6489D38-11F8-4FD5-8912-D304BDE6175B}.Debug|ARM.ActiveCfg = Debug|Any CPU
		{B6489D38-11F8-4FD5-8912-D304BDE6175B}.Debug|ARM.Build.0 = Debug|Any CPU
		{B6489D38-11F8-4FD5-8912-D304BDE6175B}.Debug|ARM64.ActiveCfg = Debug|Any CPU
		{B6489D38-11F8-4FD5-8912-D304BDE6175B}.Debug|ARM64.Build.0 = Debug|Any CPU
		{B6489D38-11F8-4FD5-8912-D304BDE6175B}.Debug|x64.ActiveCfg = Debug|Any CPU
		{B6489D38-11F8-4FD5-8912-D304BDE6175B}.Debug|x64.Build.0 = Debug|Any CPU
		{B6489D38-11F8-4FD5-8912-D304BDE6175B}.Debug|x86.ActiveCfg = Debug|Any CPU
		{B6489D38-11F8-4FD5-8912-D304BDE6175B}.Debug|x86.Build.0 = Debug|Any CPU
		{B6489D38-11F8-4FD5-8912-D304BDE6175B}.Release|Any CPU.ActiveCfg = Release|Any CPU
		{B6489D38-11F8-4FD5-8912-D304BDE6175B}.Release|Any CPU.Build.0 = Release|Any CPU
		{B6489D38-11F8-4FD5-8912-D304BDE6175B}.Release|ARM.ActiveCfg = Release|Any CPU
		{B6489D38-11F8-4FD5-8912-D304BDE6175B}.Release|ARM.Build.0 = Release|Any CPU
		{B6489D38-11F8-4FD5-8912-D304BDE6175B}.Release|ARM64.ActiveCfg = Release|Any CPU
		{B6489D38-11F8-4FD5-8912-D304BDE6175B}.Release|ARM64.Build.0 = Release|Any CPU
		{B6489D38-11F8-4FD5-8912-D304BDE6175B}.Release|x64.ActiveCfg = Release|Any CPU
		{B6489D38-11F8-4FD5-8912-D304BDE6175B}.Release|x64.Build.0 = Release|Any CPU
		{B6489D38-11F8-4FD5-8912-D304BDE6175B}.Release|x86.ActiveCfg = Release|Any CPU
		{B6489D38-11F8-4FD5-8912-D304BDE6175B}.Release|x86.Build.0 = Release|Any CPU
		{7BB391C3-3619-4191-9B18-9E1F8CE5D108}.Debug|Any CPU.ActiveCfg = Debug|Any CPU
		{7BB391C3-3619-4191-9B18-9E1F8CE5D108}.Debug|Any CPU.Build.0 = Debug|Any CPU
		{7BB391C3-3619-4191-9B18-9E1F8CE5D108}.Debug|ARM.ActiveCfg = Debug|Any CPU
		{7BB391C3-3619-4191-9B18-9E1F8CE5D108}.Debug|ARM.Build.0 = Debug|Any CPU
		{7BB391C3-3619-4191-9B18-9E1F8CE5D108}.Debug|ARM64.ActiveCfg = Debug|Any CPU
		{7BB391C3-3619-4191-9B18-9E1F8CE5D108}.Debug|ARM64.Build.0 = Debug|Any CPU
		{7BB391C3-3619-4191-9B18-9E1F8CE5D108}.Debug|x64.ActiveCfg = Debug|Any CPU
		{7BB391C3-3619-4191-9B18-9E1F8CE5D108}.Debug|x64.Build.0 = Debug|Any CPU
		{7BB391C3-3619-4191-9B18-9E1F8CE5D108}.Debug|x86.ActiveCfg = Debug|Any CPU
		{7BB391C3-3619-4191-9B18-9E1F8CE5D108}.Debug|x86.Build.0 = Debug|Any CPU
		{7BB391C3-3619-4191-9B18-9E1F8CE5D108}.Release|Any CPU.ActiveCfg = Release|Any CPU
		{7BB391C3-3619-4191-9B18-9E1F8CE5D108}.Release|Any CPU.Build.0 = Release|Any CPU
		{7BB391C3-3619-4191-9B18-9E1F8CE5D108}.Release|ARM.ActiveCfg = Release|Any CPU
		{7BB391C3-3619-4191-9B18-9E1F8CE5D108}.Release|ARM.Build.0 = Release|Any CPU
		{7BB391C3-3619-4191-9B18-9E1F8CE5D108}.Release|ARM64.ActiveCfg = Release|Any CPU
		{7BB391C3-3619-4191-9B18-9E1F8CE5D108}.Release|ARM64.Build.0 = Release|Any CPU
		{7BB391C3-3619-4191-9B18-9E1F8CE5D108}.Release|x64.ActiveCfg = Release|Any CPU
		{7BB391C3-3619-4191-9B18-9E1F8CE5D108}.Release|x64.Build.0 = Release|Any CPU
		{7BB391C3-3619-4191-9B18-9E1F8CE5D108}.Release|x86.ActiveCfg = Release|Any CPU
		{7BB391C3-3619-4191-9B18-9E1F8CE5D108}.Release|x86.Build.0 = Release|Any CPU
		{47887628-7376-420E-9396-62E383F73ECA}.Debug|Any CPU.ActiveCfg = Debug|Any CPU
		{47887628-7376-420E-9396-62E383F73ECA}.Debug|Any CPU.Build.0 = Debug|Any CPU
		{47887628-7376-420E-9396-62E383F73ECA}.Debug|ARM.ActiveCfg = Debug|Any CPU
		{47887628-7376-420E-9396-62E383F73ECA}.Debug|ARM.Build.0 = Debug|Any CPU
		{47887628-7376-420E-9396-62E383F73ECA}.Debug|ARM64.ActiveCfg = Debug|Any CPU
		{47887628-7376-420E-9396-62E383F73ECA}.Debug|ARM64.Build.0 = Debug|Any CPU
		{47887628-7376-420E-9396-62E383F73ECA}.Debug|x64.ActiveCfg = Debug|Any CPU
		{47887628-7376-420E-9396-62E383F73ECA}.Debug|x64.Build.0 = Debug|Any CPU
		{47887628-7376-420E-9396-62E383F73ECA}.Debug|x86.ActiveCfg = Debug|Any CPU
		{47887628-7376-420E-9396-62E383F73ECA}.Debug|x86.Build.0 = Debug|Any CPU
		{47887628-7376-420E-9396-62E383F73ECA}.Release|Any CPU.ActiveCfg = Release|Any CPU
		{47887628-7376-420E-9396-62E383F73ECA}.Release|Any CPU.Build.0 = Release|Any CPU
		{47887628-7376-420E-9396-62E383F73ECA}.Release|ARM.ActiveCfg = Release|Any CPU
		{47887628-7376-420E-9396-62E383F73ECA}.Release|ARM.Build.0 = Release|Any CPU
		{47887628-7376-420E-9396-62E383F73ECA}.Release|ARM64.ActiveCfg = Release|Any CPU
		{47887628-7376-420E-9396-62E383F73ECA}.Release|ARM64.Build.0 = Release|Any CPU
		{47887628-7376-420E-9396-62E383F73ECA}.Release|x64.ActiveCfg = Release|Any CPU
		{47887628-7376-420E-9396-62E383F73ECA}.Release|x64.Build.0 = Release|Any CPU
		{47887628-7376-420E-9396-62E383F73ECA}.Release|x86.ActiveCfg = Release|Any CPU
		{47887628-7376-420E-9396-62E383F73ECA}.Release|x86.Build.0 = Release|Any CPU
		{5647FFF7-850B-4231-B9C5-7D381712E362}.Debug|Any CPU.ActiveCfg = Debug|Any CPU
		{5647FFF7-850B-4231-B9C5-7D381712E362}.Debug|Any CPU.Build.0 = Debug|Any CPU
		{5647FFF7-850B-4231-B9C5-7D381712E362}.Debug|ARM.ActiveCfg = Debug|Any CPU
		{5647FFF7-850B-4231-B9C5-7D381712E362}.Debug|ARM.Build.0 = Debug|Any CPU
		{5647FFF7-850B-4231-B9C5-7D381712E362}.Debug|ARM64.ActiveCfg = Debug|Any CPU
		{5647FFF7-850B-4231-B9C5-7D381712E362}.Debug|ARM64.Build.0 = Debug|Any CPU
		{5647FFF7-850B-4231-B9C5-7D381712E362}.Debug|x64.ActiveCfg = Debug|Any CPU
		{5647FFF7-850B-4231-B9C5-7D381712E362}.Debug|x64.Build.0 = Debug|Any CPU
		{5647FFF7-850B-4231-B9C5-7D381712E362}.Debug|x86.ActiveCfg = Debug|Any CPU
		{5647FFF7-850B-4231-B9C5-7D381712E362}.Debug|x86.Build.0 = Debug|Any CPU
		{5647FFF7-850B-4231-B9C5-7D381712E362}.Release|Any CPU.ActiveCfg = Release|Any CPU
		{5647FFF7-850B-4231-B9C5-7D381712E362}.Release|Any CPU.Build.0 = Release|Any CPU
		{5647FFF7-850B-4231-B9C5-7D381712E362}.Release|ARM.ActiveCfg = Release|Any CPU
		{5647FFF7-850B-4231-B9C5-7D381712E362}.Release|ARM.Build.0 = Release|Any CPU
		{5647FFF7-850B-4231-B9C5-7D381712E362}.Release|ARM64.ActiveCfg = Release|Any CPU
		{5647FFF7-850B-4231-B9C5-7D381712E362}.Release|ARM64.Build.0 = Release|Any CPU
		{5647FFF7-850B-4231-B9C5-7D381712E362}.Release|x64.ActiveCfg = Release|Any CPU
		{5647FFF7-850B-4231-B9C5-7D381712E362}.Release|x64.Build.0 = Release|Any CPU
		{5647FFF7-850B-4231-B9C5-7D381712E362}.Release|x86.ActiveCfg = Release|Any CPU
		{5647FFF7-850B-4231-B9C5-7D381712E362}.Release|x86.Build.0 = Release|Any CPU
	EndGlobalSection
	GlobalSection(SolutionProperties) = preSolution
		HideSolutionNode = FALSE
	EndGlobalSection
	GlobalSection(NestedProjects) = preSolution
		{C27E82E6-B170-4CB9-BFF9-06A66FBD0C32} = {BB6144F7-AB44-4F7D-B959-E5EC6681BCBB}
		{456B072E-AAA2-4CB3-A5A1-EFE4D49E1596} = {1524718A-B051-4A42-A92B-E338F7B13501}
		{B6489D38-11F8-4FD5-8912-D304BDE6175B} = {BC04C33E-7C7E-4783-A61D-D87D4FE7312C}
		{7BB391C3-3619-4191-9B18-9E1F8CE5D108} = {456B072E-AAA2-4CB3-A5A1-EFE4D49E1596}
		{47887628-7376-420E-9396-62E383F73ECA} = {5B2CE75F-901A-45F0-8CCC-2AB6D9CFE5F5}
		{5647FFF7-850B-4231-B9C5-7D381712E362} = {5B2CE75F-901A-45F0-8CCC-2AB6D9CFE5F5}
	EndGlobalSection
	GlobalSection(ExtensibilityGlobals) = postSolution
		SolutionGuid = {9AAB0F55-9878-4BB0-95F0-7968D97768FE}
	EndGlobalSection
EndGlobal
